
Microsoft Visual Studio Solution File, Format Version 12.00
# Visual Studio Version 17
VisualStudioVersion = 17.3.32929.385
MinimumVisualStudioVersion = 10.0.40219.1
Project("{FAE04EC0-301F-11D3-BF4B-00C04F79EFBC}") = "Domain", "Domain\Domain.csproj", "{FD7BA177-09EB-481D-AD9B-3A171485F9CD}"
EndProject
Project("{FAE04EC0-301F-11D3-BF4B-00C04F79EFBC}") = "Application", "Application\Application.csproj", "{78DA4623-7232-4EF7-AD53-DFB1BB86BF29}"
EndProject
Project("{FAE04EC0-301F-11D3-BF4B-00C04F79EFBC}") = "Infrastructure", "Infrastructure\Infrastructure.csproj", "{4BB7A3AD-A5C2-4A56-9479-11C502E8454C}"
EndProject
Project("{FAE04EC0-301F-11D3-BF4B-00C04F79EFBC}") = "Scheduler", "Scheduler\Scheduler.csproj", "{459ADAE5-B071-4811-98E2-69D72DEF8C10}"
EndProject
Global
	GlobalSection(SolutionConfigurationPlatforms) = preSolution
		Debug|Any CPU = Debug|Any CPU
		Release|Any CPU = Release|Any CPU
	EndGlobalSection
	GlobalSection(ProjectConfigurationPlatforms) = postSolution
		{FD7BA177-09EB-481D-AD9B-3A171485F9CD}.Debug|Any CPU.ActiveCfg = Debug|Any CPU
		{FD7BA177-09EB-481D-AD9B-3A171485F9CD}.Debug|Any CPU.Build.0 = Debug|Any CPU
		{FD7BA177-09EB-481D-AD9B-3A171485F9CD}.Release|Any CPU.ActiveCfg = Release|Any CPU
		{FD7BA177-09EB-481D-AD9B-3A171485F9CD}.Release|Any CPU.Build.0 = Release|Any CPU
		{78DA4623-7232-4EF7-AD53-DFB1BB86BF29}.Debug|Any CPU.ActiveCfg = Debug|Any CPU
		{78DA4623-7232-4EF7-AD53-DFB1BB86BF29}.Debug|Any CPU.Build.0 = Debug|Any CPU
		{78DA4623-7232-4EF7-AD53-DFB1BB86BF29}.Release|Any CPU.ActiveCfg = Release|Any CPU
		{78DA4623-7232-4EF7-AD53-DFB1BB86BF29}.Release|Any CPU.Build.0 = Release|Any CPU
		{4BB7A3AD-A5C2-4A56-9479-11C502E8454C}.Debug|Any CPU.ActiveCfg = Debug|Any CPU
		{4BB7A3AD-A5C2-4A56-9479-11C502E8454C}.Debug|Any CPU.Build.0 = Debug|Any CPU
		{4BB7A3AD-A5C2-4A56-9479-11C502E8454C}.Release|Any CPU.ActiveCfg = Release|Any CPU
		{4BB7A3AD-A5C2-4A56-9479-11C502E8454C}.Release|Any CPU.Build.0 = Release|Any CPU
		{459ADAE5-B071-4811-98E2-69D72DEF8C10}.Debug|Any CPU.ActiveCfg = Debug|Any CPU
		{459ADAE5-B071-4811-98E2-69D72DEF8C10}.Debug|Any CPU.Build.0 = Debug|Any CPU
		{459ADAE5-B071-4811-98E2-69D72DEF8C10}.Release|Any CPU.ActiveCfg = Release|Any CPU
		{459ADAE5-B071-4811-98E2-69D72DEF8C10}.Release|Any CPU.Build.0 = Release|Any CPU
	EndGlobalSection
	GlobalSection(SolutionProperties) = preSolution
		HideSolutionNode = FALSE
	EndGlobalSection
	GlobalSection(ExtensibilityGlobals) = postSolution
		SolutionGuid = {6076DEE3-75B0-4D00-851C-FF6EA48C0AFF}
	EndGlobalSection
EndGlobal
